{
	"requires": true,
	"lockfileVersion": 1,
	"dependencies": {
		"asap": {
			"version": "2.0.6",
			"resolved": "https://registry.npmjs.org/asap/-/asap-2.0.6.tgz",
			"integrity": "sha1-5QNHYR1+aQlDIIu9r+vLwvuGbUY="
		},
		"bowser": {
			"version": "1.9.1",
			"resolved": "https://registry.npmjs.org/bowser/-/bowser-1.9.1.tgz",
			"integrity": "sha512-UXti1JB6oK8hO983AImunnV6j/fqAEeDlPXh99zhsP5g32oLbxJJ6qcOaUesR+tqqhnUVQHlRJyD0dfiV0Hxaw=="
		},
		"change-emitter": {
			"version": "0.1.6",
			"resolved": "https://registry.npmjs.org/change-emitter/-/change-emitter-0.1.6.tgz",
			"integrity": "sha1-6LL+PX8at9aaMhma/5HqaTFAlRU="
		},
		"classnames": {
			"version": "2.2.5",
			"resolved": "https://registry.npmjs.org/classnames/-/classnames-2.2.5.tgz",
			"integrity": "sha1-+zgB1FNGdknvNgPH1hoCvRKb3m0="
		},
		"core-js": {
			"version": "1.2.7",
			"resolved": "https://registry.npmjs.org/core-js/-/core-js-1.2.7.tgz",
			"integrity": "sha1-ZSKUwUZR2yj6k70tX/KYOk8IxjY="
		},
		"create-react-class": {
			"version": "15.6.2",
			"resolved": "https://registry.npmjs.org/create-react-class/-/create-react-class-15.6.2.tgz",
			"integrity": "sha1-zx7RXxKq1/FO9fLf4F5sQvke8Co=",
			"requires": {
				"fbjs": "0.8.16",
				"loose-envify": "1.3.1",
				"object-assign": "4.1.1"
			}
		},
		"css-in-js-utils": {
			"version": "2.0.0",
			"resolved": "https://registry.npmjs.org/css-in-js-utils/-/css-in-js-utils-2.0.0.tgz",
			"integrity": "sha512-yuWmPMD9FLi50Xf3k8W8oO3WM1eVnxEGCldCLyfusQ+CgivFk0s23yst4ooW6tfxMuSa03S6uUEga9UhX6GRrA==",
			"requires": {
				"hyphenate-style-name": "1.0.2"
			}
		},
		"encoding": {
			"version": "0.1.12",
			"resolved": "https://registry.npmjs.org/encoding/-/encoding-0.1.12.tgz",
			"integrity": "sha1-U4tm8+5izRq1HsMjgp0flIDHS+s=",
			"requires": {
				"iconv-lite": "0.4.19"
			}
		},
		"eventemitter3": {
			"version": "2.0.3",
			"resolved": "https://registry.npmjs.org/eventemitter3/-/eventemitter3-2.0.3.tgz",
			"integrity": "sha1-teEHm1n7XhuidxwKmTvgYKWMmbo="
		},
		"fast-loops": {
			"version": "1.0.0",
			"resolved": "https://registry.npmjs.org/fast-loops/-/fast-loops-1.0.0.tgz",
			"integrity": "sha512-h+nt0+hK+JRbSoGpl8oTwRlbBN0j6rFLfXSIPS5QuGnJ48NSu+0Fwa/NmhVswHord6C1yXbp/Ga0ynvivYeY3A=="
		},
		"fbjs": {
			"version": "0.8.16",
			"resolved": "https://registry.npmjs.org/fbjs/-/fbjs-0.8.16.tgz",
			"integrity": "sha1-XmdDL1UNxBtXK/VYR7ispk5TN9s=",
			"requires": {
				"core-js": "1.2.7",
				"isomorphic-fetch": "2.2.1",
				"loose-envify": "1.3.1",
				"object-assign": "4.1.1",
				"promise": "7.3.1",
				"setimmediate": "1.0.5",
				"ua-parser-js": "0.7.17"
			}
		},
		"fela": {
			"version": "6.1.3",
			"resolved": "https://registry.npmjs.org/fela/-/fela-6.1.3.tgz",
			"integrity": "sha512-63tulL1f2ShpBJMZyrigVItiVtB9ibopExyq8kQimAPFXxFu9XlXl7CLb0HteqOeaRjfnQUcOElP7o8Pw4BTxg==",
			"requires": {
				"css-in-js-utils": "2.0.0",
				"fast-loops": "1.0.0",
				"fela-utils": "8.0.3"
			}
		},
		"fela-bindings": {
			"version": "1.3.4",
			"resolved": "https://registry.npmjs.org/fela-bindings/-/fela-bindings-1.3.4.tgz",
			"integrity": "sha512-9ir8HYPq8FlB9XngPH4sjJB37wD1AiP9ZabolWb+t0RM5qx3F+bo1oHHode3B/d/0nGzwavj1DcL03XqGaUZBA==",
			"requires": {
				"fast-loops": "1.0.0",
				"fela-dom": "7.0.4",
				"fela-tools": "5.1.2",
				"shallow-equal": "1.0.0"
			}
		},
		"fela-dom": {
			"version": "7.0.4",
			"resolved": "https://registry.npmjs.org/fela-dom/-/fela-dom-7.0.4.tgz",
			"integrity": "sha512-/wDTQl2sJn38IwvK+VRgqpasyuPZpzjjzziHDeEg9Ci4gh62vLzQWw6PvkU6cGyVaenFVXXxSqU25HnQuLGEfA==",
			"requires": {
				"css-in-js-utils": "2.0.0",
				"fast-loops": "1.0.0",
				"fela-utils": "8.0.3"
			}
		},
		"fela-monolithic": {
			"version": "5.0.17",
			"resolved": "https://registry.npmjs.org/fela-monolithic/-/fela-monolithic-5.0.17.tgz",
			"integrity": "sha512-OCfcIPsjWXoeTPsVkI1mwC0qfaUO8KCrukYx6cENnlF7uxWZqYZIkP4/3StKuT3LYJVNI7reH5XHalhgVshL0A==",
			"requires": {
				"css-in-js-utils": "2.0.0",
				"fast-loops": "1.0.0",
				"fela-utils": "8.0.3"
			}
		},
		"fela-plugin-custom-property": {
			"version": "6.0.3",
			"resolved": "https://registry.npmjs.org/fela-plugin-custom-property/-/fela-plugin-custom-property-6.0.3.tgz",
			"integrity": "sha512-U0wiOPjezpnq/lAUIIWw2kP/8RLk+U2naItA0+oRxrKNVu9iZRCrVw9KxW33DZHNVzH4883KPQ6Q0Llz9+Peag=="
		},
		"fela-plugin-embedded": {
			"version": "5.2.4",
			"resolved": "https://registry.npmjs.org/fela-plugin-embedded/-/fela-plugin-embedded-5.2.4.tgz",
			"integrity": "sha512-TSgQdhKQhfaQ51DZNGxdaeihgPbktr0tTcJwWxh6K+jBZiYSNilc3w1vI9lWZpH8AgbHRA/hLTECnwv3PGx2kg==",
			"requires": {
				"fast-loops": "1.0.0"
			}
		},
		"fela-plugin-extend": {
			"version": "6.0.3",
			"resolved": "https://registry.npmjs.org/fela-plugin-extend/-/fela-plugin-extend-6.0.3.tgz",
			"integrity": "sha512-+Os7c+5U6GKL5nE6Tra+8VPgw6KYvXCcfEZCQfCJmzZ3c3jj06HORm2bBKev/smoLeQ+lXrrWLHBofT/L6HvrQ==",
			"requires": {
				"css-in-js-utils": "2.0.0",
				"fast-loops": "1.0.0"
			}
		},
		"fela-plugin-fallback-value": {
			"version": "5.0.16",
			"resolved": "https://registry.npmjs.org/fela-plugin-fallback-value/-/fela-plugin-fallback-value-5.0.16.tgz",
			"integrity": "sha512-MSrCFJEAoY8/XTin1HxFpgMROHovGnDEsOXEfVSxV9J5V6lnNOwjGDoSE0c95O6HdIqN2WKQPzLzDZdrkTKUQw==",
			"requires": {
				"css-in-js-utils": "2.0.0"
			}
		},
		"fela-plugin-friendly-pseudo-class": {
			"version": "5.0.15",
			"resolved": "https://registry.npmjs.org/fela-plugin-friendly-pseudo-class/-/fela-plugin-friendly-pseudo-class-5.0.15.tgz",
			"integrity": "sha512-9ulHv0kAoIaU62ixK3SMZtQtwWvqgYkNtOqfR9YqrvBppvdeqkLQz8UJg8Nqtfa57J65q3BVYALSOwnUKqMB2g=="
		},
		"fela-plugin-named-keys": {
			"version": "1.0.1",
			"resolved": "https://registry.npmjs.org/fela-plugin-named-keys/-/fela-plugin-named-keys-1.0.1.tgz",
			"integrity": "sha512-bTmBIlalmLNEYMEq2h9E1390+Hutwi5nFd6pKGAeeYULz/XdHkrQq6SJfcg38gKolpnMgzwsc71S0u1/AXjLOg=="
		},
		"fela-plugin-prefixer": {
			"version": "5.0.16",
			"resolved": "https://registry.npmjs.org/fela-plugin-prefixer/-/fela-plugin-prefixer-5.0.16.tgz",
			"integrity": "sha512-FF/HSBdhNNFkdd0dgZmxrUuKsNTxd4zQ35xWCHQnt6vBQWaTiaFGwCyNqJcG/ve0wXmmWstzpZPrXG9MrxaBPQ==",
			"requires": {
				"css-in-js-utils": "2.0.0",
				"fast-loops": "1.0.0",
				"fela-plugin-fallback-value": "5.0.16",
				"inline-style-prefixer": "3.0.8"
			}
		},
		"fela-plugin-remove-undefined": {
			"version": "5.0.17",
			"resolved": "https://registry.npmjs.org/fela-plugin-remove-undefined/-/fela-plugin-remove-undefined-5.0.17.tgz",
			"integrity": "sha512-m0hyg2x7gHI+l/6TM6OWvfuKYTgSb4pNH9brTzDLUdKN3fR+sIkvcpEXtEC0fMvb5tThj0zsoD5G6aVTF1bFgw==",
			"requires": {
				"fela-utils": "8.0.3"
			}
		},
		"fela-plugin-unit": {
			"version": "5.0.15",
			"resolved": "https://registry.npmjs.org/fela-plugin-unit/-/fela-plugin-unit-5.0.15.tgz",
			"integrity": "sha512-dj7QmpQW4IuVHGpJBY9LoctND9x5rCSm72/kOK5lOslo0JG9MaorKw4jDnCAj9Qqixppnr246L1WfvYsEfpmZA==",
			"requires": {
				"css-in-js-utils": "2.0.0"
			}
		},
		"fela-tools": {
			"version": "5.1.2",
			"resolved": "https://registry.npmjs.org/fela-tools/-/fela-tools-5.1.2.tgz",
			"integrity": "sha512-OrUne+Hy/SQ3xv1/T7gI+ZegO2ysAycIshRC6ZAvtrXivViERCE9Yw4H61epstQWxxvclHZmPXCri8MYY4Pmvw==",
			"requires": {
				"css-in-js-utils": "2.0.0",
				"fast-loops": "1.0.0",
				"fela": "6.1.3",
				"fela-utils": "8.0.3"
			}
		},
		"fela-utils": {
			"version": "8.0.3",
			"resolved": "https://registry.npmjs.org/fela-utils/-/fela-utils-8.0.3.tgz",
			"integrity": "sha512-MEBv/7O7K4WTrxO4b/MPOFNz43XaUJssHWqPSSZeugrIglB3e76MF0KUGDirrD7Nf/9fnH4WnPKzmXAfnxPmYA==",
			"requires": {
				"css-in-js-utils": "2.0.0",
				"fast-loops": "1.0.0"
			}
		},
		"filestack-js": {
			"version": "0.10.1",
			"resolved": "https://registry.npmjs.org/filestack-js/-/filestack-js-0.10.1.tgz",
			"integrity": "sha512-hQ0YUrQeTy7z0RSNnhne+aa44JxUmGNDEaSa8qnZKfloZoi+w4Anv/chOT6JHtbbGxyVdU6OgoCYG/1Rwq1BDw=="
		},
		"history": {
			"version": "4.7.2",
			"resolved": "https://registry.npmjs.org/history/-/history-4.7.2.tgz",
			"integrity": "sha512-1zkBRWW6XweO0NBcjiphtVJVsIQ+SXF29z9DVkceeaSLVMFXHool+fdCZD4spDCfZJCILPILc3bm7Bc+HRi0nA==",
			"requires": {
				"invariant": "2.2.2",
				"loose-envify": "1.3.1",
				"resolve-pathname": "2.2.0",
				"value-equal": "0.4.0",
				"warning": "3.0.0"
			}
		},
		"hoist-non-react-statics": {
			"version": "2.3.1",
			"resolved": "https://registry.npmjs.org/hoist-non-react-statics/-/hoist-non-react-statics-2.3.1.tgz",
			"integrity": "sha1-ND24TGAYxlB3iJgkATWhQg7iLOA="
		},
		"hyphenate-style-name": {
			"version": "1.0.2",
			"resolved": "https://registry.npmjs.org/hyphenate-style-name/-/hyphenate-style-name-1.0.2.tgz",
			"integrity": "sha1-MRYKNpMK2vH8BMYHT360FGXU7Es="
		},
		"iconv-lite": {
			"version": "0.4.19",
			"resolved": "https://registry.npmjs.org/iconv-lite/-/iconv-lite-0.4.19.tgz",
			"integrity": "sha512-oTZqweIP51xaGPI4uPa56/Pri/480R+mo7SeU+YETByQNhDG55ycFyNLIgta9vXhILrxXDmF7ZGhqZIcuN0gJQ=="
		},
		"inline-style-prefixer": {
			"version": "3.0.8",
			"resolved": "https://registry.npmjs.org/inline-style-prefixer/-/inline-style-prefixer-3.0.8.tgz",
			"integrity": "sha1-hVG45bTVcyROZqNLBPfTIHaitTQ=",
			"requires": {
				"bowser": "1.9.1",
				"css-in-js-utils": "2.0.0"
			}
		},
		"invariant": {
			"version": "2.2.2",
			"resolved": "https://registry.npmjs.org/invariant/-/invariant-2.2.2.tgz",
			"integrity": "sha1-nh9WrArNtr8wMwbzOL47IErmA2A=",
			"requires": {
				"loose-envify": "1.3.1"
			}
		},
		"is-stream": {
			"version": "1.1.0",
			"resolved": "https://registry.npmjs.org/is-stream/-/is-stream-1.1.0.tgz",
			"integrity": "sha1-EtSj3U5o4Lec6428hBc66A2RykQ="
		},
		"isomorphic-fetch": {
			"version": "2.2.1",
			"resolved": "https://registry.npmjs.org/isomorphic-fetch/-/isomorphic-fetch-2.2.1.tgz",
			"integrity": "sha1-YRrhrPFPXoH3KVB0coGf6XM1WKk=",
			"requires": {
				"node-fetch": "1.7.3",
				"whatwg-fetch": "2.0.3"
			}
		},
		"js-tokens": {
			"version": "3.0.2",
			"resolved": "https://registry.npmjs.org/js-tokens/-/js-tokens-3.0.2.tgz",
			"integrity": "sha1-mGbfOVECEw449/mWvOtlRDIJwls="
		},
		"lodash": {
			"version": "4.17.4",
			"resolved": "https://registry.npmjs.org/lodash/-/lodash-4.17.4.tgz",
			"integrity": "sha1-eCA6TRwyiuHYbcpkYONptX9AVa4="
		},
		"lodash-es": {
			"version": "4.17.4",
			"resolved": "https://registry.npmjs.org/lodash-es/-/lodash-es-4.17.4.tgz",
			"integrity": "sha1-3MHXVS4VCgZABzupyzHXDwMpUOc="
		},
		"loose-envify": {
			"version": "1.3.1",
			"resolved": "https://registry.npmjs.org/loose-envify/-/loose-envify-1.3.1.tgz",
			"integrity": "sha1-0aitM/qc4OcT1l/dCsi3SNR4yEg=",
			"requires": {
				"js-tokens": "3.0.2"
			}
		},
		"node-fetch": {
			"version": "1.7.3",
			"resolved": "https://registry.npmjs.org/node-fetch/-/node-fetch-1.7.3.tgz",
			"integrity": "sha512-NhZ4CsKx7cYm2vSrBAr2PvFOe6sWDf0UYLRqA6svUYg7+/TSfVAu49jYC4BvQ4Sms9SZgdqGBgroqfDhJdTyKQ==",
			"requires": {
				"encoding": "0.1.12",
				"is-stream": "1.1.0"
			}
		},
		"object-assign": {
			"version": "4.1.1",
			"resolved": "https://registry.npmjs.org/object-assign/-/object-assign-4.1.1.tgz",
			"integrity": "sha1-IQmtx5ZYh8/AXLvUQsrIv7s2CGM="
		},
		"olymp-ui {
			"version": "20.1.31",
			"resolved": "https://registry.npmjs.org/olymp-ui/reolymp-ui1.31.tgz",
			"integrity": "sha512-6anGQF1qcWqW5WMFB8c4soa0eb9buxs+xXNk9nK+AHuW2jNW5gqKS9Om0HVAy0bgsHK2hGRJ+oPES9oxN1QdQQ==",
			"requires": {
				"fela": "6.1.3",
				"fela-monolithic": "5.0.17",
				"fela-plugin-custom-property": "6.0.3",
				"fela-plugin-embedded": "5.2.4",
				"fela-plugin-extend": "6.0.3",
				"fela-plugin-fallback-value": "5.0.16",
				"fela-plugin-friendly-pseudo-class": "5.0.15",
				"fela-plugin-named-keys": "1.0.1",
				"fela-plugin-prefixer": "5.0.16",
				"fela-plugin-remove-undefined": "5.0.17",
				"fela-plugin-unit": "5.0.15",
				"react-fela": "6.2.4",
				"tinycolor2": "1.4.1"
			}
		},
		"olymp-router": {
			"version": "20.1.32",
			"resolved": "https://registry.npmjs.org/olymp-router/-/olymp-router-20.1.32.tgz",
			"integrity": "sha512-JXHomKYGwhhUKFC5JkQhjpvqjaNerXyyM++XTs3vuXmkxWKHyuUbhxVovy8StWr0ZBE6f/iCyjNW2E0VxhFScA==",
			"requires": {
				"create-react-class": "15.6.2",
				"history": "4.7.2",
				"react-redux": "5.0.6",
				"react-tappable": "1.0.2",
				"recompose": "0.26.0",
				"redux": "3.7.2",
				"route-parser": "0.0.5"
			}
		},
		"olymp-utils": {
			"version": "19.1.14",
			"resolved": "https://registry.npmjs.org/olymp-utils/-/olymp-utils-19.1.14.tgz",
			"integrity": "sha512-SmHSENJBc9bcBwNTlIg/VaUZ5NaaeYAydpcPFUd4+vXGvl6e/whlRpuqtApY59u83YyB5rrTT3XzjtDcAJ2lPA=="
		},
		"performance-now": {
			"version": "2.1.0",
			"resolved": "https://registry.npmjs.org/performance-now/-/performance-now-2.1.0.tgz",
			"integrity": "sha1-Ywn04OX6kT7BxpMHrjZLSzd8nns="
		},
		"promise": {
			"version": "7.3.1",
			"resolved": "https://registry.npmjs.org/promise/-/promise-7.3.1.tgz",
			"integrity": "sha512-nolQXZ/4L+bP/UGlkfaIujX9BKxGwmQ9OT4mOt5yvy8iK1h3wqTEJCijzGANTCCl9nWjY41juyAn2K3Q1hLLTg==",
			"requires": {
				"asap": "2.0.6"
			}
		},
		"prop-types": {
			"version": "15.6.0",
			"resolved": "https://registry.npmjs.org/prop-types/-/prop-types-15.6.0.tgz",
			"integrity": "sha1-zq8IMCL8RrSjX2nhPvda7Q1jmFY=",
			"requires": {
				"fbjs": "0.8.16",
				"loose-envify": "1.3.1",
				"object-assign": "4.1.1"
			}
		},
		"raf": {
			"version": "3.4.0",
			"resolved": "https://registry.npmjs.org/raf/-/raf-3.4.0.tgz",
			"integrity": "sha512-pDP/NMRAXoTfrhCfyfSEwJAKLaxBU9eApMeBPB1TkDouZmvPerIClV8lTAd+uF8ZiTaVl69e1FCxQrAd/VTjGw==",
			"requires": {
				"performance-now": "2.1.0"
			}
		},
		"react-addons-shallow-compare": {
			"version": "15.6.2",
			"resolved": "https://registry.npmjs.org/react-addons-shallow-compare/-/react-addons-shallow-compare-15.6.2.tgz",
			"integrity": "sha1-GYoAuR/DdiPbZKKP0XtZa6NicC8=",
			"requires": {
				"fbjs": "0.8.16",
				"object-assign": "4.1.1"
			}
		},
		"react-fela": {
			"version": "6.2.4",
			"resolved": "https://registry.npmjs.org/react-fela/-/react-fela-6.2.4.tgz",
			"integrity": "sha512-mCpvjDdRRp6pnaVuXhCGTOnSPdDUUo5a8eu9ve9k/Go9j5zfwzc03xVbh2YypisEp7Fr01KZIPEPEjVMrHiAaw==",
			"requires": {
				"fela-bindings": "1.3.4",
				"fela-dom": "7.0.4",
				"prop-types": "15.6.0"
			}
		},
		"react-redux": {
			"version": "5.0.6",
			"resolved": "https://registry.npmjs.org/react-redux/-/react-redux-5.0.6.tgz",
			"integrity": "sha512-8taaaGu+J7PMJQDJrk/xiWEYQmdo3mkXw6wPr3K3LxvXis3Fymiq7c13S+Tpls/AyNUAsoONkU81AP0RA6y6Vw==",
			"requires": {
				"hoist-non-react-statics": "2.3.1",
				"invariant": "2.2.2",
				"lodash": "4.17.4",
				"lodash-es": "4.17.4",
				"loose-envify": "1.3.1",
				"prop-types": "15.6.0"
			}
		},
		"react-stickynode": {
			"version": "1.4.1",
			"resolved": "https://registry.npmjs.org/react-stickynode/-/react-stickynode-1.4.1.tgz",
			"integrity": "sha512-V2ep9tgDcK3SLhVzz24OOFxOBMUz55lDM77m6tlstxc0mudQ9vx+RNBl9Tnt1Y96quSyNq0iZnEadviR2hDo9A==",
			"requires": {
				"classnames": "2.2.5",
				"prop-types": "15.6.0",
				"react-addons-shallow-compare": "15.6.2",
				"subscribe-ui-event": "1.1.1"
			}
		},
		"react-tappable": {
			"version": "1.0.2",
			"resolved": "https://registry.npmjs.org/react-tappable/-/react-tappable-1.0.2.tgz",
			"integrity": "sha512-iVMtrzUkPYr/1wgnrAQxza577g5gdxRm8KyMRE11pwgcxKu5Fer/fbqP2pAG7o7aESNYtCSGQoOTIwwobrb8Jw=="
		},
		"recompose": {
			"version": "0.26.0",
			"resolved": "https://registry.npmjs.org/recompose/-/recompose-0.26.0.tgz",
			"integrity": "sha512-KwOu6ztO0mN5vy3+zDcc45lgnaUoaQse/a5yLVqtzTK13czSWnFGmXbQVmnoMgDkI5POd1EwIKSbjU1V7xdZog==",
			"requires": {
				"change-emitter": "0.1.6",
				"fbjs": "0.8.16",
				"hoist-non-react-statics": "2.3.1",
				"symbol-observable": "1.1.0"
			}
		},
		"redux": {
			"version": "3.7.2",
			"resolved": "https://registry.npmjs.org/redux/-/redux-3.7.2.tgz",
			"integrity": "sha512-pNqnf9q1hI5HHZRBkj3bAngGZW/JMCmexDlOxw4XagXY2o1327nHH54LoTjiPJ0gizoqPDRqWyX/00g0hD6w+A==",
			"requires": {
				"lodash": "4.17.4",
				"lodash-es": "4.17.4",
				"loose-envify": "1.3.1",
				"symbol-observable": "1.1.0"
			}
		},
		"resolve-pathname": {
			"version": "2.2.0",
			"resolved": "https://registry.npmjs.org/resolve-pathname/-/resolve-pathname-2.2.0.tgz",
			"integrity": "sha512-bAFz9ld18RzJfddgrO2e/0S2O81710++chRMUxHjXOYKF6jTAMrUNZrEZ1PvV0zlhfjidm08iRPdTLPno1FuRg=="
		},
		"route-parser": {
			"version": "0.0.5",
			"resolved": "https://registry.npmjs.org/route-parser/-/route-parser-0.0.5.tgz",
			"integrity": "sha1-fR0J0zXkkJQDHqFpkaSnmwG74fQ="
		},
		"scrollmonitor": {
			"version": "1.2.4",
			"resolved": "https://registry.npmjs.org/scrollmonitor/-/scrollmonitor-1.2.4.tgz",
			"integrity": "sha512-HBQpeZVAYETbNk0DAmi+X4hdTQMk5WRa/Udez9o8yC8GcRiPDgBxyEdV9g9Su/TWOuUeVfVGfNcyboEyzkte4Q=="
		},
		"setimmediate": {
			"version": "1.0.5",
			"resolved": "https://registry.npmjs.org/setimmediate/-/setimmediate-1.0.5.tgz",
			"integrity": "sha1-KQy7Iy4waULX1+qbg3Mqt4VvgoU="
		},
		"shallow-equal": {
			"version": "1.0.0",
			"resolved": "https://registry.npmjs.org/shallow-equal/-/shallow-equal-1.0.0.tgz",
			"integrity": "sha1-UI0YOLPeWQq4dXsBGyXkMJAJRfc="
		},
		"slugify": {
			"version": "1.2.9",
			"resolved": "https://registry.npmjs.org/slugify/-/slugify-1.2.9.tgz",
			"integrity": "sha512-n0cdJ+kN3slJu8SbZXt/EHjljBqF6MxvMGSg/NPpBzoY7yyXoH38wp/ox20a1JaG1KgmdTN5Lf3aS9+xB2Y2aQ=="
		},
		"subscribe-ui-event": {
			"version": "1.1.1",
			"resolved": "https://registry.npmjs.org/subscribe-ui-event/-/subscribe-ui-event-1.1.1.tgz",
			"integrity": "sha1-4OSqd9xIh0PucL/+uBN21TPUgG8=",
			"requires": {
				"eventemitter3": "2.0.3",
				"lodash": "4.17.4",
				"raf": "3.4.0"
			}
		},
		"symbol-observable": {
			"version": "1.1.0",
			"resolved": "https://registry.npmjs.org/symbol-observable/-/symbol-observable-1.1.0.tgz",
			"integrity": "sha512-dQoid9tqQ+uotGhuTKEY11X4xhyYePVnqGSoSm3OGKh2E8LZ6RPULp1uXTctk33IeERlrRJYoVSBglsL05F5Uw=="
		},
		"tinycolor2": {
			"version": "1.4.1",
			"resolved": "https://registry.npmjs.org/tinycolor2/-/tinycolor2-1.4.1.tgz",
			"integrity": "sha1-9PrTM0R7wLB9TcjpIJ2POaisd+g="
		},
		"ua-parser-js": {
			"version": "0.7.17",
			"resolved": "https://registry.npmjs.org/ua-parser-js/-/ua-parser-js-0.7.17.tgz",
			"integrity": "sha512-uRdSdu1oA1rncCQL7sCj8vSyZkgtL7faaw9Tc9rZ3mGgraQ7+Pdx7w5mnOSF3gw9ZNG6oc+KXfkon3bKuROm0g=="
		},
		"value-equal": {
			"version": "0.4.0",
			"resolved": "https://registry.npmjs.org/value-equal/-/value-equal-0.4.0.tgz",
			"integrity": "sha512-x+cYdNnaA3CxvMaTX0INdTCN8m8aF2uY9BvEqmxuYp8bL09cs/kWVQPVGcA35fMktdOsP69IgU7wFj/61dJHEw=="
		},
		"warning": {
			"version": "3.0.0",
			"resolved": "https://registry.npmjs.org/warning/-/warning-3.0.0.tgz",
			"integrity": "sha1-MuU3fLVy3kqwR1O9+IIcAe1gW3w=",
			"requires": {
				"loose-envify": "1.3.1"
			}
		},
		"whatwg-fetch": {
			"version": "2.0.3",
			"resolved": "https://registry.npmjs.org/whatwg-fetch/-/whatwg-fetch-2.0.3.tgz",
			"integrity": "sha1-nITsLc9oGH/wC8ZOEnS0QhduHIQ="
		}
	}
}
