{
	"name": "olymp-google",
	"version": "20.0.4",
	"lockfileVersion": 1,
	"requires": true,
	"dependencies": {
		"@google/maps": {
			"version": "0.4.5",
			"resolved": "https://registry.npmjs.org/@google/maps/-/maps-0.4.5.tgz",
			"integrity": "sha1-cuuc+OfelEYZJF0Pjz+WlXHqhNg="
		},
		"@mapbox/point-geometry": {
			"version": "0.1.0",
			"resolved": "https://registry.npmjs.org/@mapbox/point-geometry/-/point-geometry-0.1.0.tgz",
			"integrity": "sha1-ioP5M1x4YO/6Lu7KJUMyqgru2PI="
		},
		"asap": {
			"version": "2.0.6",
			"resolved": "https://registry.npmjs.org/asap/-/asap-2.0.6.tgz",
			"integrity": "sha1-5QNHYR1+aQlDIIu9r+vLwvuGbUY="
		},
		"async": {
			"version": "2.6.0",
			"resolved": "https://registry.npmjs.org/async/-/async-2.6.0.tgz",
			"integrity": "sha512-xAfGg1/NTLBBKlHFmnd7PlmUW9KhVQIUuSrYem9xzFUZy13ScvtyGGejaae9iAVRiRq9+Cx7DPFaAAhCpyxyPw==",
			"requires": {
				"lodash": "4.17.4"
			}
		},
		"axios": {
			"version": "0.17.1",
			"resolved": "https://registry.npmjs.org/axios/-/axios-0.17.1.tgz",
			"integrity": "sha1-LY4+XQvb1zJ/kbyBT1xXZg+Bgk0=",
			"requires": {
				"follow-redirects": "1.4.1",
				"is-buffer": "1.1.6"
			}
		},
		"babel-runtime": {
			"version": "6.26.0",
			"resolved": "https://registry.npmjs.org/babel-runtime/-/babel-runtime-6.26.0.tgz",
			"integrity": "sha1-llxwWGaOgrVde/4E/yM3vItWR/4=",
			"requires": {
				"core-js": "2.5.3",
				"regenerator-runtime": "0.11.1"
			},
			"dependencies": {
				"core-js": {
					"version": "2.5.3",
					"resolved": "https://registry.npmjs.org/core-js/-/core-js-2.5.3.tgz",
					"integrity": "sha1-isw4NFgk8W2DZbfJtCWRaOjtYD4="
				}
			}
		},
		"balanced-match": {
			"version": "0.4.2",
			"resolved": "https://registry.npmjs.org/balanced-match/-/balanced-match-0.4.2.tgz",
			"integrity": "sha1-yz8+PHMtwPAe5wtAPzAuYddwmDg="
		},
		"base64url": {
			"version": "2.0.0",
			"resolved": "https://registry.npmjs.org/base64url/-/base64url-2.0.0.tgz",
			"integrity": "sha1-6sFuA+oUOO/5Qj1puqNiYu0fcLs="
		},
		"bluebird": {
			"version": "3.5.1",
			"resolved": "https://registry.npmjs.org/bluebird/-/bluebird-3.5.1.tgz",
			"integrity": "sha512-MKiLiV+I1AA596t9w1sQJ8jkiSr5+ZKi0WKrYGUn6d1Fx+Ij4tIj+m2WMQSGczs5jZVxV339chE8iwk6F64wjA=="
		},
		"buffer-equal-constant-time": {
			"version": "1.0.1",
			"resolved": "https://registry.npmjs.org/buffer-equal-constant-time/-/buffer-equal-constant-time-1.0.1.tgz",
			"integrity": "sha1-+OcRMvf/5uAaXJaXpMbz5I1cyBk="
		},
		"chain-function": {
			"version": "1.0.0",
			"resolved": "https://registry.npmjs.org/chain-function/-/chain-function-1.0.0.tgz",
			"integrity": "sha1-DUqzfn4Y6tC9xHuSB2QRjOWHM9w="
		},
		"charenc": {
			"version": "0.0.2",
			"resolved": "https://registry.npmjs.org/charenc/-/charenc-0.0.2.tgz",
			"integrity": "sha1-wKHS86cJLgN3S/qD8UwPxXkKhmc="
		},
		"classnames": {
			"version": "2.2.5",
			"resolved": "https://registry.npmjs.org/classnames/-/classnames-2.2.5.tgz",
			"integrity": "sha1-+zgB1FNGdknvNgPH1hoCvRKb3m0="
		},
		"core-js": {
			"version": "1.2.7",
			"resolved": "https://registry.npmjs.org/core-js/-/core-js-1.2.7.tgz",
			"integrity": "sha1-ZSKUwUZR2yj6k70tX/KYOk8IxjY="
		},
		"crypt": {
			"version": "0.0.2",
			"resolved": "https://registry.npmjs.org/crypt/-/crypt-0.0.2.tgz",
			"integrity": "sha1-iNf/fsDfuG9xPch7u0LQRNPmxBs="
		},
		"css-in-js-utils": {
			"version": "2.0.0",
			"resolved": "https://registry.npmjs.org/css-in-js-utils/-/css-in-js-utils-2.0.0.tgz",
			"integrity": "sha512-yuWmPMD9FLi50Xf3k8W8oO3WM1eVnxEGCldCLyfusQ+CgivFk0s23yst4ooW6tfxMuSa03S6uUEga9UhX6GRrA==",
			"requires": {
				"hyphenate-style-name": "1.0.2"
			}
		},
		"d3-array": {
			"version": "1.2.1",
			"resolved": "https://registry.npmjs.org/d3-array/-/d3-array-1.2.1.tgz",
			"integrity": "sha512-CyINJQ0SOUHojDdFDH4JEM0552vCR1utGyLHegJHyYH0JyCpSeTPxi4OBqHMA2jJZq4NH782LtaJWBImqI/HBw=="
		},
		"d3-collection": {
			"version": "1.0.4",
			"resolved": "https://registry.npmjs.org/d3-collection/-/d3-collection-1.0.4.tgz",
			"integrity": "sha1-NC39EoN8kJdPM/HMCnha6lcNzcI="
		},
		"d3-color": {
			"version": "1.0.3",
			"resolved": "https://registry.npmjs.org/d3-color/-/d3-color-1.0.3.tgz",
			"integrity": "sha1-vHZD/KjlOoNH4vva/6I2eWtYUJs="
		},
		"d3-format": {
			"version": "1.2.2",
			"resolved": "https://registry.npmjs.org/d3-format/-/d3-format-1.2.2.tgz",
			"integrity": "sha512-zH9CfF/3C8zUI47nsiKfD0+AGDEuM8LwBIP7pBVpyR4l/sKkZqITmMtxRp04rwBrlshIZ17XeFAaovN3++wzkw=="
		},
		"d3-interpolate": {
			"version": "1.1.6",
			"resolved": "https://registry.npmjs.org/d3-interpolate/-/d3-interpolate-1.1.6.tgz",
			"integrity": "sha512-mOnv5a+pZzkNIHtw/V6I+w9Lqm9L5bG3OTXPM5A+QO0yyVMQ4W1uZhR+VOJmazaOZXri2ppbiZ5BUNWT0pFM9A==",
			"requires": {
				"d3-color": "1.0.3"
			}
		},
		"d3-path": {
			"version": "1.0.5",
			"resolved": "https://registry.npmjs.org/d3-path/-/d3-path-1.0.5.tgz",
			"integrity": "sha1-JB6xhJvZ6egCHA0KeZ+KDo5EF2Q="
		},
		"d3-scale": {
			"version": "1.0.6",
			"resolved": "https://registry.npmjs.org/d3-scale/-/d3-scale-1.0.6.tgz",
			"integrity": "sha1-vOGdqA06DPQiyVQ64zIghiILNO0=",
			"requires": {
				"d3-array": "1.2.1",
				"d3-collection": "1.0.4",
				"d3-color": "1.0.3",
				"d3-format": "1.2.2",
				"d3-interpolate": "1.1.6",
				"d3-time": "1.0.8",
				"d3-time-format": "2.1.1"
			}
		},
		"d3-shape": {
			"version": "1.2.0",
			"resolved": "https://registry.npmjs.org/d3-shape/-/d3-shape-1.2.0.tgz",
			"integrity": "sha1-RdAVOPBkuv0F6j1tLLdI/YxB93c=",
			"requires": {
				"d3-path": "1.0.5"
			}
		},
		"d3-time": {
			"version": "1.0.8",
			"resolved": "https://registry.npmjs.org/d3-time/-/d3-time-1.0.8.tgz",
			"integrity": "sha512-YRZkNhphZh3KcnBfitvF3c6E0JOFGikHZ4YqD+Lzv83ZHn1/u6yGenRU1m+KAk9J1GnZMnKcrtfvSktlA1DXNQ=="
		},
		"d3-time-format": {
			"version": "2.1.1",
			"resolved": "https://registry.npmjs.org/d3-time-format/-/d3-time-format-2.1.1.tgz",
			"integrity": "sha512-8kAkymq2WMfzW7e+s/IUNAtN/y3gZXGRrdGfo6R8NKPAA85UBTxZg5E61bR6nLwjPjj4d3zywSQe1CkYLPFyrw==",
			"requires": {
				"d3-time": "1.0.8"
			}
		},
		"date-fns": {
			"version": "2.0.0-alpha.7",
			"resolved": "https://registry.npmjs.org/date-fns/-/date-fns-2.0.0-alpha.7.tgz",
			"integrity": "sha1-JFrRb5V2Tqur+ywKQf1dAzwg5Xo="
		},
		"debug": {
			"version": "3.1.0",
			"resolved": "https://registry.npmjs.org/debug/-/debug-3.1.0.tgz",
			"integrity": "sha512-OX8XqP7/1a9cqkxYw2yXss15f26NKWBpDXQd0/uK/KPqdQhxbPa994hnzjcE2VqQpDslf55723cKPUOGSmMY3g==",
			"requires": {
				"ms": "2.0.0"
			}
		},
		"detect-passive-events": {
			"version": "1.0.4",
			"resolved": "https://registry.npmjs.org/detect-passive-events/-/detect-passive-events-1.0.4.tgz",
			"integrity": "sha1-btR35uW863kHlzXc01d4nTf5qRo="
		},
		"dom-helpers": {
			"version": "3.3.1",
			"resolved": "https://registry.npmjs.org/dom-helpers/-/dom-helpers-3.3.1.tgz",
			"integrity": "sha512-2Sm+JaYn74OiTM2wHvxJOo3roiq/h25Yi69Fqk269cNUwIXsCvATB6CRSFC9Am/20G2b28hGv/+7NiWydIrPvg=="
		},
		"ecdsa-sig-formatter": {
			"version": "1.0.9",
			"resolved": "https://registry.npmjs.org/ecdsa-sig-formatter/-/ecdsa-sig-formatter-1.0.9.tgz",
			"integrity": "sha1-S8kmJ07Dtau1AW5+HWCSGsJisqE=",
			"requires": {
				"base64url": "2.0.0",
				"safe-buffer": "5.1.1"
			}
		},
		"encoding": {
			"version": "0.1.12",
			"resolved": "https://registry.npmjs.org/encoding/-/encoding-0.1.12.tgz",
			"integrity": "sha1-U4tm8+5izRq1HsMjgp0flIDHS+s=",
			"requires": {
				"iconv-lite": "0.4.19"
			}
		},
		"eventemitter3": {
			"version": "1.2.0",
			"resolved": "https://registry.npmjs.org/eventemitter3/-/eventemitter3-1.2.0.tgz",
			"integrity": "sha1-HIaZHYFq0eUEdQ5zh0Ik7PO+xQg="
		},
		"exenv": {
			"version": "1.2.2",
			"resolved": "https://registry.npmjs.org/exenv/-/exenv-1.2.2.tgz",
			"integrity": "sha1-KueOhdmJQVhnCwPUe+wfA72Ru50="
		},
		"fast-loops": {
			"version": "1.0.0",
			"resolved": "https://registry.npmjs.org/fast-loops/-/fast-loops-1.0.0.tgz",
			"integrity": "sha512-h+nt0+hK+JRbSoGpl8oTwRlbBN0j6rFLfXSIPS5QuGnJ48NSu+0Fwa/NmhVswHord6C1yXbp/Ga0ynvivYeY3A=="
		},
		"fbjs": {
			"version": "0.8.16",
			"resolved": "https://registry.npmjs.org/fbjs/-/fbjs-0.8.16.tgz",
			"integrity": "sha1-XmdDL1UNxBtXK/VYR7ispk5TN9s=",
			"requires": {
				"core-js": "1.2.7",
				"isomorphic-fetch": "2.2.1",
				"loose-envify": "1.3.1",
				"object-assign": "4.1.1",
				"promise": "7.3.1",
				"setimmediate": "1.0.5",
				"ua-parser-js": "0.7.17"
			}
		},
		"fela": {
			"version": "6.1.3",
			"resolved": "https://registry.npmjs.org/fela/-/fela-6.1.3.tgz",
			"integrity": "sha512-63tulL1f2ShpBJMZyrigVItiVtB9ibopExyq8kQimAPFXxFu9XlXl7CLb0HteqOeaRjfnQUcOElP7o8Pw4BTxg==",
			"requires": {
				"css-in-js-utils": "2.0.0",
				"fast-loops": "1.0.0",
				"fela-utils": "8.0.3"
			}
		},
		"fela-bindings": {
			"version": "1.3.4",
			"resolved": "https://registry.npmjs.org/fela-bindings/-/fela-bindings-1.3.4.tgz",
			"integrity": "sha512-9ir8HYPq8FlB9XngPH4sjJB37wD1AiP9ZabolWb+t0RM5qx3F+bo1oHHode3B/d/0nGzwavj1DcL03XqGaUZBA==",
			"requires": {
				"fast-loops": "1.0.0",
				"fela-dom": "7.0.4",
				"fela-tools": "5.1.2",
				"shallow-equal": "1.0.0"
			}
		},
		"fela-dom": {
			"version": "7.0.4",
			"resolved": "https://registry.npmjs.org/fela-dom/-/fela-dom-7.0.4.tgz",
			"integrity": "sha512-/wDTQl2sJn38IwvK+VRgqpasyuPZpzjjzziHDeEg9Ci4gh62vLzQWw6PvkU6cGyVaenFVXXxSqU25HnQuLGEfA==",
			"requires": {
				"css-in-js-utils": "2.0.0",
				"fast-loops": "1.0.0",
				"fela-utils": "8.0.3"
			}
		},
		"fela-tools": {
			"version": "5.1.2",
			"resolved": "https://registry.npmjs.org/fela-tools/-/fela-tools-5.1.2.tgz",
			"integrity": "sha512-OrUne+Hy/SQ3xv1/T7gI+ZegO2ysAycIshRC6ZAvtrXivViERCE9Yw4H61epstQWxxvclHZmPXCri8MYY4Pmvw==",
			"requires": {
				"css-in-js-utils": "2.0.0",
				"fast-loops": "1.0.0",
				"fela": "6.1.3",
				"fela-utils": "8.0.3"
			}
		},
		"fela-utils": {
			"version": "8.0.3",
			"resolved": "https://registry.npmjs.org/fela-utils/-/fela-utils-8.0.3.tgz",
			"integrity": "sha512-MEBv/7O7K4WTrxO4b/MPOFNz43XaUJssHWqPSSZeugrIglB3e76MF0KUGDirrD7Nf/9fnH4WnPKzmXAfnxPmYA==",
			"requires": {
				"css-in-js-utils": "2.0.0",
				"fast-loops": "1.0.0"
			}
		},
		"follow-redirects": {
			"version": "1.4.1",
			"resolved": "https://registry.npmjs.org/follow-redirects/-/follow-redirects-1.4.1.tgz",
			"integrity": "sha512-uxYePVPogtya1ktGnAAXOacnbIuRMB4dkvqeNz2qTtTQsuzSfbDolV+wMMKxAmCx0bLgAKLbBOkjItMbbkR1vg==",
			"requires": {
				"debug": "3.1.0"
			}
		},
		"google-auth-library": {
			"version": "1.1.0",
			"resolved": "https://registry.npmjs.org/google-auth-library/-/google-auth-library-1.1.0.tgz",
			"integrity": "sha512-WgWLwplY8ftublrySvrJYsoJR0eL1TBqG3cxCPInYZmpo2h0aEpCYJBP0Lz43OO0ceMc7BreLghZXXVfrbF/PA==",
			"requires": {
				"axios": "0.17.1",
				"gtoken": "2.1.0",
				"jws": "3.1.4",
				"lodash.isstring": "4.0.1",
				"lru-cache": "4.1.1"
			}
		},
		"google-map-react": {
			"version": "0.29.0",
			"resolved": "https://registry.npmjs.org/google-map-react/-/google-map-react-0.29.0.tgz",
			"integrity": "sha1-xey4DozHRFqivT8WTFLmc8qGQdc=",
			"requires": {
				"@mapbox/point-geometry": "0.1.0",
				"eventemitter3": "1.2.0",
				"fbjs": "0.8.16",
				"scriptjs": "2.5.8"
			}
		},
		"google-p12-pem": {
			"version": "1.0.0",
			"resolved": "https://registry.npmjs.org/google-p12-pem/-/google-p12-pem-1.0.0.tgz",
			"integrity": "sha512-tqu8IJF307iH8vXQEI5ZhuIk89vAf25rmoyoenckm/zY7Elzm4X/x6OPOk4wa3sRzkA/Y2CkubpvLxSEgIEQcg==",
			"requires": {
				"node-forge": "0.7.1",
				"pify": "3.0.0"
			}
		},
		"googleapis": {
			"version": "25.0.0",
			"resolved": "https://registry.npmjs.org/googleapis/-/googleapis-25.0.0.tgz",
			"integrity": "sha512-hIP2VbwFliL7YHZQRaJrw5+ctunALJUior4KEw0vCYlcDezPnEA+HhTY2oq4I3PCHBKxKwc9xfV37Kkz6e/krw==",
			"requires": {
				"async": "2.6.0",
				"google-auth-library": "1.1.0",
				"qs": "6.5.1",
				"string-template": "1.0.0",
				"uuid": "3.2.1"
			}
		},
		"gtoken": {
			"version": "2.1.0",
			"resolved": "https://registry.npmjs.org/gtoken/-/gtoken-2.1.0.tgz",
			"integrity": "sha512-r/dh/cVgPBWHcskq03KOSDl+L+0Ac0B8VEhpIbnrcsvHSJHdkEtwbC0lOZNxBIqWbM1+HNig8jpuCwKJzCcilg==",
			"requires": {
				"axios": "0.17.1",
				"google-p12-pem": "1.0.0",
				"jws": "3.1.4",
				"mime": "2.2.0",
				"pify": "3.0.0"
			}
		},
		"hoist-non-react-statics": {
			"version": "2.3.1",
			"resolved": "https://registry.npmjs.org/hoist-non-react-statics/-/hoist-non-react-statics-2.3.1.tgz",
			"integrity": "sha1-ND24TGAYxlB3iJgkATWhQg7iLOA="
		},
		"hyphenate-style-name": {
			"version": "1.0.2",
			"resolved": "https://registry.npmjs.org/hyphenate-style-name/-/hyphenate-style-name-1.0.2.tgz",
			"integrity": "sha1-MRYKNpMK2vH8BMYHT360FGXU7Es="
		},
		"iconv-lite": {
			"version": "0.4.19",
			"resolved": "https://registry.npmjs.org/iconv-lite/-/iconv-lite-0.4.19.tgz",
			"integrity": "sha512-oTZqweIP51xaGPI4uPa56/Pri/480R+mo7SeU+YETByQNhDG55ycFyNLIgta9vXhILrxXDmF7ZGhqZIcuN0gJQ=="
		},
		"invariant": {
			"version": "2.2.2",
			"resolved": "https://registry.npmjs.org/invariant/-/invariant-2.2.2.tgz",
			"integrity": "sha1-nh9WrArNtr8wMwbzOL47IErmA2A=",
			"requires": {
				"loose-envify": "1.3.1"
			}
		},
		"is-buffer": {
			"version": "1.1.6",
			"resolved": "https://registry.npmjs.org/is-buffer/-/is-buffer-1.1.6.tgz",
			"integrity": "sha512-NcdALwpXkTm5Zvvbk7owOUSvVvBKDgKP5/ewfXEznmQFfs4ZRmanOeKBTjRVjka3QFoN6XJ+9F3USqfHqTaU5w=="
		},
		"is-retina": {
			"version": "1.0.3",
			"resolved": "https://registry.npmjs.org/is-retina/-/is-retina-1.0.3.tgz",
			"integrity": "sha1-10AbKGvqKuN/Ykd1iN5QTQuGR+M="
		},
		"is-stream": {
			"version": "1.1.0",
			"resolved": "https://registry.npmjs.org/is-stream/-/is-stream-1.1.0.tgz",
			"integrity": "sha1-EtSj3U5o4Lec6428hBc66A2RykQ="
		},
		"isomorphic-fetch": {
			"version": "2.2.1",
			"resolved": "https://registry.npmjs.org/isomorphic-fetch/-/isomorphic-fetch-2.2.1.tgz",
			"integrity": "sha1-YRrhrPFPXoH3KVB0coGf6XM1WKk=",
			"requires": {
				"node-fetch": "1.7.3",
				"whatwg-fetch": "2.0.3"
			}
		},
		"js-tokens": {
			"version": "3.0.2",
			"resolved": "https://registry.npmjs.org/js-tokens/-/js-tokens-3.0.2.tgz",
			"integrity": "sha1-mGbfOVECEw449/mWvOtlRDIJwls="
		},
		"jwa": {
			"version": "1.1.5",
			"resolved": "https://registry.npmjs.org/jwa/-/jwa-1.1.5.tgz",
			"integrity": "sha1-oFUs4CIHQs1S4VN3SjKQXDDnVuU=",
			"requires": {
				"base64url": "2.0.0",
				"buffer-equal-constant-time": "1.0.1",
				"ecdsa-sig-formatter": "1.0.9",
				"safe-buffer": "5.1.1"
			}
		},
		"jws": {
			"version": "3.1.4",
			"resolved": "https://registry.npmjs.org/jws/-/jws-3.1.4.tgz",
			"integrity": "sha1-+ei5M46KhHJ31kRLFGT2GIDgUKI=",
			"requires": {
				"base64url": "2.0.0",
				"jwa": "1.1.5",
				"safe-buffer": "5.1.1"
			}
		},
		"lodash": {
			"version": "4.17.4",
			"resolved": "https://registry.npmjs.org/lodash/-/lodash-4.17.4.tgz",
			"integrity": "sha1-eCA6TRwyiuHYbcpkYONptX9AVa4="
		},
		"lodash-es": {
			"version": "4.17.4",
			"resolved": "https://registry.npmjs.org/lodash-es/-/lodash-es-4.17.4.tgz",
			"integrity": "sha1-3MHXVS4VCgZABzupyzHXDwMpUOc="
		},
		"lodash.isstring": {
			"version": "4.0.1",
			"resolved": "https://registry.npmjs.org/lodash.isstring/-/lodash.isstring-4.0.1.tgz",
			"integrity": "sha1-1SfftUVuynzJu5XV2ur4i6VKVFE="
		},
		"loose-envify": {
			"version": "1.3.1",
			"resolved": "https://registry.npmjs.org/loose-envify/-/loose-envify-1.3.1.tgz",
			"integrity": "sha1-0aitM/qc4OcT1l/dCsi3SNR4yEg=",
			"requires": {
				"js-tokens": "3.0.2"
			}
		},
		"lru-cache": {
			"version": "4.1.1",
			"resolved": "https://registry.npmjs.org/lru-cache/-/lru-cache-4.1.1.tgz",
			"integrity": "sha512-q4spe4KTfsAS1SUHLO0wz8Qiyf1+vMIAgpRYioFYDMNqKfHQbg+AVDH3i4fvpl71/P1L0dBl+fQi+P37UYf0ew==",
			"requires": {
				"pseudomap": "1.0.2",
				"yallist": "2.1.2"
			}
		},
		"math-expression-evaluator": {
			"version": "1.2.17",
			"resolved": "https://registry.npmjs.org/math-expression-evaluator/-/math-expression-evaluator-1.2.17.tgz",
			"integrity": "sha1-3oGf282E3M2PrlnGrreWFbnSZqw="
		},
		"md5": {
			"version": "2.2.1",
			"resolved": "https://registry.npmjs.org/md5/-/md5-2.2.1.tgz",
			"integrity": "sha1-U6s41f48iJG6RlMp6iP6wFQBJvk=",
			"requires": {
				"charenc": "0.0.2",
				"crypt": "0.0.2",
				"is-buffer": "1.1.6"
			}
		},
		"memoize-one": {
			"version": "3.0.1",
			"resolved": "https://registry.npmjs.org/memoize-one/-/memoize-one-3.0.1.tgz",
			"integrity": "sha1-e1mYULtBvovu0wX07v2WPIzqmgo="
		},
		"mime": {
			"version": "2.2.0",
			"resolved": "https://registry.npmjs.org/mime/-/mime-2.2.0.tgz",
			"integrity": "sha512-0Qz9uF1ATtl8RKJG4VRfOymh7PyEor6NbrI/61lRfuRe4vx9SNATrvAeTj2EWVRKjEQGskrzWkJBBY5NbaVHIA=="
		},
		"ms": {
			"version": "2.0.0",
			"resolved": "https://registry.npmjs.org/ms/-/ms-2.0.0.tgz",
			"integrity": "sha1-VgiurfwAvmwpAd9fmGF4jeDVl8g="
		},
		"node-fetch": {
			"version": "1.7.3",
			"resolved": "https://registry.npmjs.org/node-fetch/-/node-fetch-1.7.3.tgz",
			"integrity": "sha512-NhZ4CsKx7cYm2vSrBAr2PvFOe6sWDf0UYLRqA6svUYg7+/TSfVAu49jYC4BvQ4Sms9SZgdqGBgroqfDhJdTyKQ==",
			"requires": {
				"encoding": "0.1.12",
				"is-stream": "1.1.0"
			}
		},
		"node-forge": {
			"version": "0.7.1",
			"resolved": "https://registry.npmjs.org/node-forge/-/node-forge-0.7.1.tgz",
			"integrity": "sha1-naYR6giYL0uUIGs760zJZl8gwwA="
		},
		"object-assign": {
			"version": "4.1.1",
			"resolved": "https://registry.npmjs.org/object-assign/-/object-assign-4.1.1.tgz",
			"integrity": "sha1-IQmtx5ZYh8/AXLvUQsrIv7s2CGM="
		},
		"olymp-icons": {
			"version": "20.1.0",
			"resolved": "https://registry.npmjs.org/olymp-icons/-/olymp-icons-20.1.0.tgz",
			"integrity": "sha512-atsk2UlZ2FSk3gVWmbnsfRZpotf1zZfkGBbyO+1IjFsxoh3n4UF7Seus4eO9/f9ablzGW+zJQpay74zHdQslgw=="
		},
		"olymp-ui": {
			"version": "20.1.23",
			"resolved": "https://registry.npmjs.org/olymp-ui/-/olymp-ui-20.1.23.tgz",
			"integrity": "sha512-V5xQfDlk8UhNXzQ3kmWoBqtB6l4q6UJEM7QK0GfWzOkWfjyrDsb/9QPyMdVCvyENM95r3sIeXaYhBqYN2VEQfw==",
			"requires": {
				"classnames": "2.2.5",
				"olymp-icons": "20.1.0",
				"particles.js": "2.0.0",
				"react-beautiful-dnd": "4.0.1",
				"react-fela": "6.2.4",
				"react-gravatar": "2.6.3",
				"react-resize-detector": "1.1.0",
				"react-scrolllock": "2.0.1",
				"react-swipeable": "4.2.0",
				"scrollparent": "2.0.1",
				"shortid": "2.2.8",
				"tinycolor2": "1.4.1"
			}
		},
		"olymp-utils": {
			"version": "19.1.14",
			"resolved": "https://registry.npmjs.org/olymp-utils/-/olymp-utils-19.1.14.tgz",
			"integrity": "sha512-SmHSENJBc9bcBwNTlIg/VaUZ5NaaeYAydpcPFUd4+vXGvl6e/whlRpuqtApY59u83YyB5rrTT3XzjtDcAJ2lPA=="
		},
		"particles.js": {
			"version": "2.0.0",
			"resolved": "https://registry.npmjs.org/particles.js/-/particles.js-2.0.0.tgz",
			"integrity": "sha1-IThsQyjWx/lngKIB6W7t/AnHNvY="
		},
		"performance-now": {
			"version": "2.1.0",
			"resolved": "https://registry.npmjs.org/performance-now/-/performance-now-2.1.0.tgz",
			"integrity": "sha1-Ywn04OX6kT7BxpMHrjZLSzd8nns="
		},
		"pify": {
			"version": "3.0.0",
			"resolved": "https://registry.npmjs.org/pify/-/pify-3.0.0.tgz",
			"integrity": "sha1-5aSs0sEB/fPZpNB/DbxNtJ3SgXY="
		},
		"promise": {
			"version": "7.3.1",
			"resolved": "https://registry.npmjs.org/promise/-/promise-7.3.1.tgz",
			"integrity": "sha512-nolQXZ/4L+bP/UGlkfaIujX9BKxGwmQ9OT4mOt5yvy8iK1h3wqTEJCijzGANTCCl9nWjY41juyAn2K3Q1hLLTg==",
			"requires": {
				"asap": "2.0.6"
			}
		},
		"prop-types": {
			"version": "15.6.0",
			"resolved": "https://registry.npmjs.org/prop-types/-/prop-types-15.6.0.tgz",
			"integrity": "sha1-zq8IMCL8RrSjX2nhPvda7Q1jmFY=",
			"requires": {
				"fbjs": "0.8.16",
				"loose-envify": "1.3.1",
				"object-assign": "4.1.1"
			}
		},
		"pseudomap": {
			"version": "1.0.2",
			"resolved": "https://registry.npmjs.org/pseudomap/-/pseudomap-1.0.2.tgz",
			"integrity": "sha1-8FKijacOYYkX7wqKw0wa5aaChrM="
		},
		"qs": {
			"version": "6.5.1",
			"resolved": "https://registry.npmjs.org/qs/-/qs-6.5.1.tgz",
			"integrity": "sha512-eRzhrN1WSINYCDCbrz796z37LOe3m5tmW7RQf6oBntukAG1nmovJvhnwHHRMAfeoItc1m2Hk02WER2aQ/iqs+A=="
		},
		"query-string": {
			"version": "4.3.4",
			"resolved": "https://registry.npmjs.org/query-string/-/query-string-4.3.4.tgz",
			"integrity": "sha1-u7aTucqRXCMlFbIosaArYJBD2+s=",
			"requires": {
				"object-assign": "4.1.1",
				"strict-uri-encode": "1.1.0"
			}
		},
		"raf": {
			"version": "3.4.0",
			"resolved": "https://registry.npmjs.org/raf/-/raf-3.4.0.tgz",
			"integrity": "sha512-pDP/NMRAXoTfrhCfyfSEwJAKLaxBU9eApMeBPB1TkDouZmvPerIClV8lTAd+uF8ZiTaVl69e1FCxQrAd/VTjGw==",
			"requires": {
				"performance-now": "2.1.0"
			}
		},
		"raf-schd": {
			"version": "2.1.0",
			"resolved": "https://registry.npmjs.org/raf-schd/-/raf-schd-2.1.0.tgz",
			"integrity": "sha512-6OXM6ObuPnyqjiHVz/XaFTm/yEYC1PXYMt/UFCwMvLQK1Wqlc2f7eU4+8JbgjfZLiQNQU9miFEGPnFUEMEx2hA=="
		},
		"react-beautiful-dnd": {
			"version": "4.0.1",
			"resolved": "https://registry.npmjs.org/react-beautiful-dnd/-/react-beautiful-dnd-4.0.1.tgz",
			"integrity": "sha512-d73RMu4QOFCyjUELLWFyY/EuclnfqulI9pECx+2gIuJvV0ycf1uR88o+1x0RSB9ILD70inHMzCBKNkWVbbt+vA==",
			"requires": {
				"babel-runtime": "6.26.0",
				"invariant": "2.2.2",
				"memoize-one": "3.0.1",
				"prop-types": "15.6.0",
				"raf-schd": "2.1.0",
				"react-motion": "0.5.2",
				"react-redux": "5.0.6",
				"redux": "3.7.2",
				"redux-thunk": "2.2.0",
				"reselect": "3.0.1"
			}
		},
		"react-fela": {
			"version": "6.2.4",
			"resolved": "https://registry.npmjs.org/react-fela/-/react-fela-6.2.4.tgz",
			"integrity": "sha512-mCpvjDdRRp6pnaVuXhCGTOnSPdDUUo5a8eu9ve9k/Go9j5zfwzc03xVbh2YypisEp7Fr01KZIPEPEjVMrHiAaw==",
			"requires": {
				"fela-bindings": "1.3.4",
				"fela-dom": "7.0.4",
				"prop-types": "15.6.0"
			}
		},
		"react-gravatar": {
			"version": "2.6.3",
			"resolved": "https://registry.npmjs.org/react-gravatar/-/react-gravatar-2.6.3.tgz",
			"integrity": "sha1-VAfrash+gw4qNN63YNKkxATrHaw=",
			"requires": {
				"is-retina": "1.0.3",
				"md5": "2.2.1",
				"query-string": "4.3.4"
			}
		},
		"react-motion": {
			"version": "0.5.2",
			"resolved": "https://registry.npmjs.org/react-motion/-/react-motion-0.5.2.tgz",
			"integrity": "sha512-9q3YAvHoUiWlP3cK0v+w1N5Z23HXMj4IF4YuvjvWegWqNPfLXsOBE/V7UvQGpXxHFKRQQcNcVQE31g9SB/6qgQ==",
			"requires": {
				"performance-now": "0.2.0",
				"prop-types": "15.6.0",
				"raf": "3.4.0"
			},
			"dependencies": {
				"performance-now": {
					"version": "0.2.0",
					"resolved": "https://registry.npmjs.org/performance-now/-/performance-now-0.2.0.tgz",
					"integrity": "sha1-M+8wxcd9TqIcWlOGnZG1bY8lVeU="
				}
			}
		},
		"react-redux": {
			"version": "5.0.6",
			"resolved": "https://registry.npmjs.org/react-redux/-/react-redux-5.0.6.tgz",
			"integrity": "sha512-8taaaGu+J7PMJQDJrk/xiWEYQmdo3mkXw6wPr3K3LxvXis3Fymiq7c13S+Tpls/AyNUAsoONkU81AP0RA6y6Vw==",
			"requires": {
				"hoist-non-react-statics": "2.3.1",
				"invariant": "2.2.2",
				"lodash": "4.17.4",
				"lodash-es": "4.17.4",
				"loose-envify": "1.3.1",
				"prop-types": "15.6.0"
			}
		},
		"react-resize-detector": {
			"version": "1.1.0",
			"resolved": "https://registry.npmjs.org/react-resize-detector/-/react-resize-detector-1.1.0.tgz",
			"integrity": "sha512-68KVcQlhcWQGXMAie82YueCa4f4yqwEoiQbVyYlSgJEin1zMtNBLLeU/+6FLNf1TTgjwSfpbMTJTw/uU0HNgtQ==",
			"requires": {
				"prop-types": "15.6.0"
			}
		},
		"react-scrolllock": {
			"version": "2.0.1",
			"resolved": "https://registry.npmjs.org/react-scrolllock/-/react-scrolllock-2.0.1.tgz",
			"integrity": "sha1-3TI/XanedfC7ZLmX7lln3Ufwo/8=",
			"requires": {
				"exenv": "1.2.2"
			}
		},
		"react-smooth": {
			"version": "1.0.0",
			"resolved": "https://registry.npmjs.org/react-smooth/-/react-smooth-1.0.0.tgz",
			"integrity": "sha1-sp2+vd3bBtIbWwiWIWf7nqwYl9g=",
			"requires": {
				"lodash": "4.17.4",
				"prop-types": "15.6.0",
				"raf": "3.4.0",
				"react-transition-group": "2.2.1"
			}
		},
		"react-swipeable": {
			"version": "4.2.0",
			"resolved": "https://registry.npmjs.org/react-swipeable/-/react-swipeable-4.2.0.tgz",
			"integrity": "sha1-VT1iyP5i6skwj1WQacAmk8x4Zlw=",
			"requires": {
				"detect-passive-events": "1.0.4",
				"prop-types": "15.6.0"
			}
		},
		"react-transition-group": {
			"version": "2.2.1",
			"resolved": "https://registry.npmjs.org/react-transition-group/-/react-transition-group-2.2.1.tgz",
			"integrity": "sha512-q54UBM22bs/CekG8r3+vi9TugSqh0t7qcEVycaRc9M0p0aCEu+h6rp/RFiW7fHfgd1IKpd9oILFTl5QK+FpiPA==",
			"requires": {
				"chain-function": "1.0.0",
				"classnames": "2.2.5",
				"dom-helpers": "3.3.1",
				"loose-envify": "1.3.1",
				"prop-types": "15.6.0",
				"warning": "3.0.0"
			}
		},
		"recharts": {
			"version": "1.0.0-beta.9",
			"resolved": "https://registry.npmjs.org/recharts/-/recharts-1.0.0-beta.9.tgz",
			"integrity": "sha1-8A/33Jt7AXyLT2ahC5bzmyDNE1M=",
			"requires": {
				"classnames": "2.2.5",
				"core-js": "2.5.1",
				"d3-interpolate": "1.1.6",
				"d3-scale": "1.0.6",
				"d3-shape": "1.2.0",
				"lodash": "4.17.4",
				"prop-types": "15.6.0",
				"react-resize-detector": "1.1.0",
				"react-smooth": "1.0.0",
				"recharts-scale": "0.3.2",
				"reduce-css-calc": "1.3.0"
			},
			"dependencies": {
				"core-js": {
					"version": "2.5.1",
					"resolved": "https://registry.npmjs.org/core-js/-/core-js-2.5.1.tgz",
					"integrity": "sha1-rmh03GaTd4m4B1T/VCjfZoGcpQs="
				}
			}
		},
		"recharts-scale": {
			"version": "0.3.2",
			"resolved": "https://registry.npmjs.org/recharts-scale/-/recharts-scale-0.3.2.tgz",
			"integrity": "sha1-2sdiFxSkdl0VLLKtvDDHO4MSCMk="
		},
		"reduce-css-calc": {
			"version": "1.3.0",
			"resolved": "https://registry.npmjs.org/reduce-css-calc/-/reduce-css-calc-1.3.0.tgz",
			"integrity": "sha1-dHyRTgSWFKTJz7umKYca0dKSdxY=",
			"requires": {
				"balanced-match": "0.4.2",
				"math-expression-evaluator": "1.2.17",
				"reduce-function-call": "1.0.2"
			}
		},
		"reduce-function-call": {
			"version": "1.0.2",
			"resolved": "https://registry.npmjs.org/reduce-function-call/-/reduce-function-call-1.0.2.tgz",
			"integrity": "sha1-WiAL+S4ON3UXUv5FsKszD9S2vpk=",
			"requires": {
				"balanced-match": "0.4.2"
			}
		},
		"redux": {
			"version": "3.7.2",
			"resolved": "https://registry.npmjs.org/redux/-/redux-3.7.2.tgz",
			"integrity": "sha512-pNqnf9q1hI5HHZRBkj3bAngGZW/JMCmexDlOxw4XagXY2o1327nHH54LoTjiPJ0gizoqPDRqWyX/00g0hD6w+A==",
			"requires": {
				"lodash": "4.17.4",
				"lodash-es": "4.17.4",
				"loose-envify": "1.3.1",
				"symbol-observable": "1.1.0"
			}
		},
		"redux-thunk": {
			"version": "2.2.0",
			"resolved": "https://registry.npmjs.org/redux-thunk/-/redux-thunk-2.2.0.tgz",
			"integrity": "sha1-5hWhbha0ehmlFXZhM9Hj6Zt4UuU="
		},
		"regenerator-runtime": {
			"version": "0.11.1",
			"resolved": "https://registry.npmjs.org/regenerator-runtime/-/regenerator-runtime-0.11.1.tgz",
			"integrity": "sha512-MguG95oij0fC3QV3URf4V2SDYGJhJnJGqvIIgdECeODCT98wSWDAJ94SSuVpYQUoTcGUIL6L4yNB7j1DFFHSBg=="
		},
		"reselect": {
			"version": "3.0.1",
			"resolved": "https://registry.npmjs.org/reselect/-/reselect-3.0.1.tgz",
			"integrity": "sha1-79qpjqdFEyTQkrKyFjpqHXqaIUc="
		},
		"safe-buffer": {
			"version": "5.1.1",
			"resolved": "https://registry.npmjs.org/safe-buffer/-/safe-buffer-5.1.1.tgz",
			"integrity": "sha512-kKvNJn6Mm93gAczWVJg7wH+wGYWNrDHdWvpUmHyEsgCtIwwo3bqPtV4tR5tuPaUhTOo/kvhVwd8XwwOllGYkbg=="
		},
		"scriptjs": {
			"version": "2.5.8",
			"resolved": "https://registry.npmjs.org/scriptjs/-/scriptjs-2.5.8.tgz",
			"integrity": "sha1-0MQ5VcLmutM7bk7fe1O4llqnyl8="
		},
		"scrollparent": {
			"version": "2.0.1",
			"resolved": "https://registry.npmjs.org/scrollparent/-/scrollparent-2.0.1.tgz",
			"integrity": "sha1-cV1bnMV3YPsivczDvvtb/gaxoxc="
		},
		"setimmediate": {
			"version": "1.0.5",
			"resolved": "https://registry.npmjs.org/setimmediate/-/setimmediate-1.0.5.tgz",
			"integrity": "sha1-KQy7Iy4waULX1+qbg3Mqt4VvgoU="
		},
		"shallow-equal": {
			"version": "1.0.0",
			"resolved": "https://registry.npmjs.org/shallow-equal/-/shallow-equal-1.0.0.tgz",
			"integrity": "sha1-UI0YOLPeWQq4dXsBGyXkMJAJRfc="
		},
		"shortid": {
			"version": "2.2.8",
			"resolved": "https://registry.npmjs.org/shortid/-/shortid-2.2.8.tgz",
			"integrity": "sha1-AzsRfWoul1gE9vCWnb59PQs1UTE="
		},
		"strict-uri-encode": {
			"version": "1.1.0",
			"resolved": "https://registry.npmjs.org/strict-uri-encode/-/strict-uri-encode-1.1.0.tgz",
			"integrity": "sha1-J5siXfHVgrH1TmWt3UNS4Y+qBxM="
		},
		"string-template": {
			"version": "1.0.0",
			"resolved": "https://registry.npmjs.org/string-template/-/string-template-1.0.0.tgz",
			"integrity": "sha1-np8iM9wA8hhxjsN5oopWc+zKi5Y="
		},
		"symbol-observable": {
			"version": "1.1.0",
			"resolved": "https://registry.npmjs.org/symbol-observable/-/symbol-observable-1.1.0.tgz",
			"integrity": "sha512-dQoid9tqQ+uotGhuTKEY11X4xhyYePVnqGSoSm3OGKh2E8LZ6RPULp1uXTctk33IeERlrRJYoVSBglsL05F5Uw=="
		},
		"tinycolor2": {
			"version": "1.4.1",
			"resolved": "https://registry.npmjs.org/tinycolor2/-/tinycolor2-1.4.1.tgz",
			"integrity": "sha1-9PrTM0R7wLB9TcjpIJ2POaisd+g="
		},
		"ua-parser-js": {
			"version": "0.7.17",
			"resolved": "https://registry.npmjs.org/ua-parser-js/-/ua-parser-js-0.7.17.tgz",
			"integrity": "sha512-uRdSdu1oA1rncCQL7sCj8vSyZkgtL7faaw9Tc9rZ3mGgraQ7+Pdx7w5mnOSF3gw9ZNG6oc+KXfkon3bKuROm0g=="
		},
		"uuid": {
			"version": "3.2.1",
			"resolved": "https://registry.npmjs.org/uuid/-/uuid-3.2.1.tgz",
			"integrity": "sha512-jZnMwlb9Iku/O3smGWvZhauCf6cvvpKi4BKRiliS3cxnI+Gz9j5MEpTz2UFuXiKPJocb7gnsLHwiS05ige5BEA=="
		},
		"warning": {
			"version": "3.0.0",
			"resolved": "https://registry.npmjs.org/warning/-/warning-3.0.0.tgz",
			"integrity": "sha1-MuU3fLVy3kqwR1O9+IIcAe1gW3w=",
			"requires": {
				"loose-envify": "1.3.1"
			}
		},
		"whatwg-fetch": {
			"version": "2.0.3",
			"resolved": "https://registry.npmjs.org/whatwg-fetch/-/whatwg-fetch-2.0.3.tgz",
			"integrity": "sha1-nITsLc9oGH/wC8ZOEnS0QhduHIQ="
		},
		"yallist": {
			"version": "2.1.2",
			"resolved": "https://registry.npmjs.org/yallist/-/yallist-2.1.2.tgz",
			"integrity": "sha1-HBH5IY8HYImkfdUS+TxmmaaoHVI="
		}
	}
}
